# This file is automatically @generated by Poetry 1.7.1 and should not be changed by hand.

[[package]]
name = "asgiref"
version = "3.7.2"
description = "ASGI specs, helper code, and adapters"
optional = false
python-versions = ">=3.7"
files = [
    {file = "asgiref-3.7.2-py3-none-any.whl", hash = "sha256:89b2ef2247e3b562a16eef663bc0e2e703ec6468e2fa8a5cd61cd449786d4f6e"},
    {file = "asgiref-3.7.2.tar.gz", hash = "sha256:9e0ce3aa93a819ba5b45120216b23878cf6e8525eb3848653452b4192b92afed"},
]

[package.extras]
tests = ["mypy (>=0.800)", "pytest", "pytest-asyncio"]

[[package]]
name = "django"
version = "5.0.2"
description = "A high-level Python web framework that encourages rapid development and clean, pragmatic design."
optional = false
python-versions = ">=3.10"
files = [
    {file = "Django-5.0.2-py3-none-any.whl", hash = "sha256:56ab63a105e8bb06ee67381d7b65fe6774f057e41a8bab06c8020c8882d8ecd4"},
    {file = "Django-5.0.2.tar.gz", hash = "sha256:b5bb1d11b2518a5f91372a282f24662f58f66749666b0a286ab057029f728080"},
]

[package.dependencies]
asgiref = ">=3.7.0,<4"
sqlparse = ">=0.3.1"
tzdata = {version = "*", markers = "sys_platform == \"win32\""}

[package.extras]
argon2 = ["argon2-cffi (>=19.1.0)"]
bcrypt = ["bcrypt"]

[[package]]
name = "gunicorn"
version = "21.2.0"
description = "WSGI HTTP Server for UNIX"
optional = false
python-versions = ">=3.5"
files = [
    {file = "gunicorn-21.2.0-py3-none-any.whl", hash = "sha256:3213aa5e8c24949e792bcacfc176fef362e7aac80b76c56f6b5122bf350722f0"},
    {file = "gunicorn-21.2.0.tar.gz", hash = "sha256:88ec8bff1d634f98e61b9f65bc4bf3cd918a90806c6f5c48bc5603849ec81033"},
]

[package.dependencies]
packaging = "*"

[package.extras]
eventlet = ["eventlet (>=0.24.1)"]
gevent = ["gevent (>=1.4.0)"]
setproctitle = ["setproctitle"]
tornado = ["tornado (>=0.2)"]

[[package]]
name = "packaging"
version = "23.2"
description = "Core utilities for Python packages"
optional = false
python-versions = ">=3.7"
files = [
    {file = "packaging-23.2-py3-none-any.whl", hash = "sha256:8c491190033a9af7e1d931d0b5dacc2ef47509b34dd0de67ed209b5203fc88c7"},
    {file = "packaging-23.2.tar.gz", hash = "sha256:048fb0e9405036518eaaf48a55953c750c11e1a1b68e0dd1a9d62ed0c092cfc5"},
]

[[package]]
name = "psycopg"
version = "3.1.18"
description = "PostgreSQL database adapter for Python"
optional = false
python-versions = ">=3.7"
files = [
    {file = "psycopg-3.1.18-py3-none-any.whl", hash = "sha256:4d5a0a5a8590906daa58ebd5f3cfc34091377354a1acced269dd10faf55da60e"},
    {file = "psycopg-3.1.18.tar.gz", hash = "sha256:31144d3fb4c17d78094d9e579826f047d4af1da6a10427d91dfcfb6ecdf6f12b"},
]

[package.dependencies]
psycopg-binary = {version = "3.1.18", optional = true, markers = "implementation_name != \"pypy\" and extra == \"binary\""}
typing-extensions = ">=4.1"
tzdata = {version = "*", markers = "sys_platform == \"win32\""}

[package.extras]
binary = ["psycopg-binary (==3.1.18)"]
c = ["psycopg-c (==3.1.18)"]
dev = ["black (>=24.1.0)", "codespell (>=2.2)", "dnspython (>=2.1)", "flake8 (>=4.0)", "mypy (>=1.4.1)", "types-setuptools (>=57.4)", "wheel (>=0.37)"]
docs = ["Sphinx (>=5.0)", "furo (==2022.6.21)", "sphinx-autobuild (>=2021.3.14)", "sphinx-autodoc-typehints (>=1.12)"]
pool = ["psycopg-pool"]
test = ["anyio (>=3.6.2,<4.0)", "mypy (>=1.4.1)", "pproxy (>=2.7)", "pytest (>=6.2.5)", "pytest-cov (>=3.0)", "pytest-randomly (>=3.5)"]

[[package]]
name = "psycopg-binary"
version = "3.1.18"
description = "PostgreSQL database adapter for Python -- C optimisation distribution"
optional = false
python-versions = ">=3.7"
files = [
    {file = "psycopg_binary-3.1.18-cp310-cp310-macosx_10_9_x86_64.whl", hash = "sha256:5c323103dfa663b88204cf5f028e83c77d7a715f9b6f51d2bbc8184b99ddd90a"},
    {file = "psycopg_binary-3.1.18-cp310-cp310-macosx_11_0_arm64.whl", hash = "sha256:887f8d856c91510148be942c7acd702ccf761a05f59f8abc123c22ab77b5a16c"},
    {file = "psycopg_binary-3.1.18-cp310-cp310-manylinux_2_17_aarch64.manylinux2014_aarch64.whl", hash = "sha256:d322ba72cde4ca2eefc2196dad9ad7e52451acd2f04e3688d590290625d0c970"},
    {file = "psycopg_binary-3.1.18-cp310-cp310-manylinux_2_17_i686.manylinux2014_i686.whl", hash = "sha256:489aa4fe5a0b653b68341e9e44af247dedbbc655326854aa34c163ef1bcb3143"},
    {file = "psycopg_binary-3.1.18-cp310-cp310-manylinux_2_17_ppc64le.manylinux2014_ppc64le.whl", hash = "sha256:55ff0948457bfa8c0d35c46e3a75193906d1c275538877ba65907fd67aa059ad"},
    {file = "psycopg_binary-3.1.18-cp310-cp310-manylinux_2_17_x86_64.manylinux2014_x86_64.whl", hash = "sha256:b15e3653c82384b043d820fc637199b5c6a36b37fa4a4943e0652785bb2bad5d"},
    {file = "psycopg_binary-3.1.18-cp310-cp310-musllinux_1_1_aarch64.whl", hash = "sha256:f8ff3bc08b43f36fdc24fedb86d42749298a458c4724fb588c4d76823ac39f54"},
    {file = "psycopg_binary-3.1.18-cp310-cp310-musllinux_1_1_i686.whl", hash = "sha256:1729d0e3dfe2546d823841eb7a3d003144189d6f5e138ee63e5227f8b75276a5"},
    {file = "psycopg_binary-3.1.18-cp310-cp310-musllinux_1_1_ppc64le.whl", hash = "sha256:13bcd3742112446037d15e360b27a03af4b5afcf767f5ee374ef8f5dd7571b31"},
    {file = "psycopg_binary-3.1.18-cp310-cp310-musllinux_1_1_x86_64.whl", hash = "sha256:320047e3d3554b857e16c2b6b615a85e0db6a02426f4d203a4594a2f125dfe57"},
    {file = "psycopg_binary-3.1.18-cp310-cp310-win_amd64.whl", hash = "sha256:888a72c2aca4316ca6d4a619291b805677bae99bba2f6e31a3c18424a48c7e4d"},
    {file = "psycopg_binary-3.1.18-cp311-cp311-macosx_10_9_x86_64.whl", hash = "sha256:4e4de16a637ec190cbee82e0c2dc4860fed17a23a35f7a1e6dc479a5c6876722"},
    {file = "psycopg_binary-3.1.18-cp311-cp311-macosx_11_0_arm64.whl", hash = "sha256:6432047b8b24ef97e3fbee1d1593a0faaa9544c7a41a2c67d1f10e7621374c83"},
    {file = "psycopg_binary-3.1.18-cp311-cp311-manylinux_2_17_aarch64.manylinux2014_aarch64.whl", hash = "sha256:9d684227ef8212e27da5f2aff9d4d303cc30b27ac1702d4f6881935549486dd5"},
    {file = "psycopg_binary-3.1.18-cp311-cp311-manylinux_2_17_i686.manylinux2014_i686.whl", hash = "sha256:67284e2e450dc7a9e4d76e78c0bd357dc946334a3d410defaeb2635607f632cd"},
    {file = "psycopg_binary-3.1.18-cp311-cp311-manylinux_2_17_ppc64le.manylinux2014_ppc64le.whl", hash = "sha256:1c9b6bd7fb5c6638cb32469674707649b526acfe786ba6d5a78ca4293d87bae4"},
    {file = "psycopg_binary-3.1.18-cp311-cp311-manylinux_2_17_x86_64.manylinux2014_x86_64.whl", hash = "sha256:7121acc783c4e86d2d320a7fb803460fab158a7f0a04c5e8c5d49065118c1e73"},
    {file = "psycopg_binary-3.1.18-cp311-cp311-musllinux_1_1_aarch64.whl", hash = "sha256:e28ff8f3de7b56588c2a398dc135fd9f157d12c612bd3daa7e6ba9872337f6f5"},
    {file = "psycopg_binary-3.1.18-cp311-cp311-musllinux_1_1_i686.whl", hash = "sha256:c84a0174109f329eeda169004c7b7ca2e884a6305acab4a39600be67f915ed38"},
    {file = "psycopg_binary-3.1.18-cp311-cp311-musllinux_1_1_ppc64le.whl", hash = "sha256:531381f6647fc267383dca88dbe8a70d0feff433a8e3d0c4939201fea7ae1b82"},
    {file = "psycopg_binary-3.1.18-cp311-cp311-musllinux_1_1_x86_64.whl", hash = "sha256:b293e01057e63c3ac0002aa132a1071ce0fdb13b9ee2b6b45d3abdb3525c597d"},
    {file = "psycopg_binary-3.1.18-cp311-cp311-win_amd64.whl", hash = "sha256:780a90bcb69bf27a8b08bc35b958e974cb6ea7a04cdec69e737f66378a344d68"},
    {file = "psycopg_binary-3.1.18-cp312-cp312-macosx_10_9_x86_64.whl", hash = "sha256:87dd9154b757a5fbf6d590f6f6ea75f4ad7b764a813ae04b1d91a70713f414a1"},
    {file = "psycopg_binary-3.1.18-cp312-cp312-macosx_11_0_arm64.whl", hash = "sha256:f876ebbf92db70125f6375f91ab4bc6b27648aa68f90d661b1fc5affb4c9731c"},
    {file = "psycopg_binary-3.1.18-cp312-cp312-manylinux_2_17_aarch64.manylinux2014_aarch64.whl", hash = "sha256:258d2f0cb45e4574f8b2fe7c6d0a0e2eb58903a4fd1fbaf60954fba82d595ab7"},
    {file = "psycopg_binary-3.1.18-cp312-cp312-manylinux_2_17_i686.manylinux2014_i686.whl", hash = "sha256:bd27f713f2e5ef3fd6796e66c1a5203a27a30ecb847be27a78e1df8a9a5ae68c"},
    {file = "psycopg_binary-3.1.18-cp312-cp312-manylinux_2_17_ppc64le.manylinux2014_ppc64le.whl", hash = "sha256:c38a4796abf7380f83b1653c2711cb2449dd0b2e5aca1caa75447d6fa5179c69"},
    {file = "psycopg_binary-3.1.18-cp312-cp312-manylinux_2_17_x86_64.manylinux2014_x86_64.whl", hash = "sha256:b2f7f95746efd1be2dc240248cc157f4315db3fd09fef2adfcc2a76e24aa5741"},
    {file = "psycopg_binary-3.1.18-cp312-cp312-musllinux_1_1_aarch64.whl", hash = "sha256:4085f56a8d4fc8b455e8f44380705c7795be5317419aa5f8214f315e4205d804"},
    {file = "psycopg_binary-3.1.18-cp312-cp312-musllinux_1_1_i686.whl", hash = "sha256:2e2484ae835dedc80cdc7f1b1a939377dc967fed862262cfd097aa9f50cade46"},
    {file = "psycopg_binary-3.1.18-cp312-cp312-musllinux_1_1_ppc64le.whl", hash = "sha256:3c2b039ae0c45eee4cd85300ef802c0f97d0afc78350946a5d0ec77dd2d7e834"},
    {file = "psycopg_binary-3.1.18-cp312-cp312-musllinux_1_1_x86_64.whl", hash = "sha256:8f54978c4b646dec77fefd8485fa82ec1a87807f334004372af1aaa6de9539a5"},
    {file = "psycopg_binary-3.1.18-cp312-cp312-win_amd64.whl", hash = "sha256:9ffcbbd389e486d3fd83d30107bbf8b27845a295051ccabde240f235d04ed921"},
    {file = "psycopg_binary-3.1.18-cp37-cp37m-macosx_10_9_x86_64.whl", hash = "sha256:c76659ae29a84f2c14f56aad305dd00eb685bd88f8c0a3281a9a4bc6bd7d2aa7"},
    {file = "psycopg_binary-3.1.18-cp37-cp37m-manylinux_2_17_aarch64.manylinux2014_aarch64.whl", hash = "sha256:3c7afcd6f1d55992f26d9ff7b0bd4ee6b475eb43aa3f054d67d32e09f18b0065"},
    {file = "psycopg_binary-3.1.18-cp37-cp37m-manylinux_2_17_i686.manylinux2014_i686.whl", hash = "sha256:639dd78ac09b144b0119076783cb64e1128cc8612243e9701d1503c816750b2e"},
    {file = "psycopg_binary-3.1.18-cp37-cp37m-manylinux_2_17_ppc64le.manylinux2014_ppc64le.whl", hash = "sha256:e1cf59e0bb12e031a48bb628aae32df3d0c98fd6c759cb89f464b1047f0ca9c8"},
    {file = "psycopg_binary-3.1.18-cp37-cp37m-manylinux_2_17_x86_64.manylinux2014_x86_64.whl", hash = "sha256:e262398e5d51563093edf30612cd1e20fedd932ad0994697d7781ca4880cdc3d"},
    {file = "psycopg_binary-3.1.18-cp37-cp37m-musllinux_1_1_aarch64.whl", hash = "sha256:59701118c7d8842e451f1e562d08e8708b3f5d14974eefbce9374badd723c4ae"},
    {file = "psycopg_binary-3.1.18-cp37-cp37m-musllinux_1_1_i686.whl", hash = "sha256:dea4a59da7850192fdead9da888e6b96166e90608cf39e17b503f45826b16f84"},
    {file = "psycopg_binary-3.1.18-cp37-cp37m-musllinux_1_1_ppc64le.whl", hash = "sha256:4575da95fc441244a0e2ebaf33a2b2f74164603341d2046b5cde0a9aa86aa7e2"},
    {file = "psycopg_binary-3.1.18-cp37-cp37m-musllinux_1_1_x86_64.whl", hash = "sha256:812726266ab96de681f2c7dbd6b734d327f493a78357fcc16b2ac86ff4f4e080"},
    {file = "psycopg_binary-3.1.18-cp37-cp37m-win_amd64.whl", hash = "sha256:3e7ce4d988112ca6c75765c7f24c83bdc476a6a5ce00878df6c140ca32c3e16d"},
    {file = "psycopg_binary-3.1.18-cp38-cp38-macosx_10_9_x86_64.whl", hash = "sha256:02bd4da45d5ee9941432e2e9bf36fa71a3ac21c6536fe7366d1bd3dd70d6b1e7"},
    {file = "psycopg_binary-3.1.18-cp38-cp38-macosx_11_0_arm64.whl", hash = "sha256:39242546383f6b97032de7af30edb483d237a0616f6050512eee7b218a2aa8ee"},
    {file = "psycopg_binary-3.1.18-cp38-cp38-manylinux_2_17_aarch64.manylinux2014_aarch64.whl", hash = "sha256:d46ae44d66bf6058a812467f6ae84e4e157dee281bfb1cfaeca07dee07452e85"},
    {file = "psycopg_binary-3.1.18-cp38-cp38-manylinux_2_17_i686.manylinux2014_i686.whl", hash = "sha256:ad35ac7fd989184bf4d38a87decfb5a262b419e8ba8dcaeec97848817412c64a"},
    {file = "psycopg_binary-3.1.18-cp38-cp38-manylinux_2_17_ppc64le.manylinux2014_ppc64le.whl", hash = "sha256:247474af262bdd5559ee6e669926c4f23e9cf53dae2d34c4d991723c72196404"},
    {file = "psycopg_binary-3.1.18-cp38-cp38-manylinux_2_17_x86_64.manylinux2014_x86_64.whl", hash = "sha256:6ebecbf2406cd6875bdd2453e31067d1bd8efe96705a9489ef37e93b50dc6f09"},
    {file = "psycopg_binary-3.1.18-cp38-cp38-musllinux_1_1_aarch64.whl", hash = "sha256:1859aeb2133f5ecdd9cbcee155f5e38699afc06a365f903b1512c765fd8d457e"},
    {file = "psycopg_binary-3.1.18-cp38-cp38-musllinux_1_1_i686.whl", hash = "sha256:da917f6df8c6b2002043193cb0d74cc173b3af7eb5800ad69c4e1fbac2a71c30"},
    {file = "psycopg_binary-3.1.18-cp38-cp38-musllinux_1_1_ppc64le.whl", hash = "sha256:9e24e7b6a68a51cc3b162d0339ae4e1263b253e887987d5c759652f5692b5efe"},
    {file = "psycopg_binary-3.1.18-cp38-cp38-musllinux_1_1_x86_64.whl", hash = "sha256:e252d66276c992319ed6cd69a3ffa17538943954075051e992143ccbf6dc3d3e"},
    {file = "psycopg_binary-3.1.18-cp38-cp38-win_amd64.whl", hash = "sha256:5d6e860edf877d4413e4a807e837d55e3a7c7df701e9d6943c06e460fa6c058f"},
    {file = "psycopg_binary-3.1.18-cp39-cp39-macosx_10_9_x86_64.whl", hash = "sha256:eea5f14933177ffe5c40b200f04f814258cc14b14a71024ad109f308e8bad414"},
    {file = "psycopg_binary-3.1.18-cp39-cp39-macosx_11_0_arm64.whl", hash = "sha256:824a1bfd0db96cc6bef2d1e52d9e0963f5bf653dd5bc3ab519a38f5e6f21c299"},
    {file = "psycopg_binary-3.1.18-cp39-cp39-manylinux_2_17_aarch64.manylinux2014_aarch64.whl", hash = "sha256:a87e9eeb80ce8ec8c2783f29bce9a50bbcd2e2342a340f159c3326bf4697afa1"},
    {file = "psycopg_binary-3.1.18-cp39-cp39-manylinux_2_17_i686.manylinux2014_i686.whl", hash = "sha256:91074f78a9f890af5f2c786691575b6b93a4967ad6b8c5a90101f7b8c1a91d9c"},
    {file = "psycopg_binary-3.1.18-cp39-cp39-manylinux_2_17_ppc64le.manylinux2014_ppc64le.whl", hash = "sha256:e05f6825f8db4428782135e6986fec79b139210398f3710ed4aa6ef41473c008"},
    {file = "psycopg_binary-3.1.18-cp39-cp39-manylinux_2_17_x86_64.manylinux2014_x86_64.whl", hash = "sha256:0f68ac2364a50d4cf9bb803b4341e83678668f1881a253e1224574921c69868c"},
    {file = "psycopg_binary-3.1.18-cp39-cp39-musllinux_1_1_aarch64.whl", hash = "sha256:7ac1785d67241d5074f8086705fa68e046becea27964267ab3abd392481d7773"},
    {file = "psycopg_binary-3.1.18-cp39-cp39-musllinux_1_1_i686.whl", hash = "sha256:cd2a9f7f0d4dacc5b9ce7f0e767ae6cc64153264151f50698898c42cabffec0c"},
    {file = "psycopg_binary-3.1.18-cp39-cp39-musllinux_1_1_ppc64le.whl", hash = "sha256:3e4b0bb91da6f2238dbd4fbb4afc40dfb4f045bb611b92fce4d381b26413c686"},
    {file = "psycopg_binary-3.1.18-cp39-cp39-musllinux_1_1_x86_64.whl", hash = "sha256:74e498586b72fb819ca8ea82107747d0cb6e00ae685ea6d1ab3f929318a8ce2d"},
    {file = "psycopg_binary-3.1.18-cp39-cp39-win_amd64.whl", hash = "sha256:d4422af5232699f14b7266a754da49dc9bcd45eba244cf3812307934cd5d6679"},
]

[[package]]
name = "sqlparse"
version = "0.4.4"
description = "A non-validating SQL parser."
optional = false
python-versions = ">=3.5"
files = [
    {file = "sqlparse-0.4.4-py3-none-any.whl", hash = "sha256:5430a4fe2ac7d0f93e66f1efc6e1338a41884b7ddf2a350cedd20ccc4d9d28f3"},
    {file = "sqlparse-0.4.4.tar.gz", hash = "sha256:d446183e84b8349fa3061f0fe7f06ca94ba65b426946ffebe6e3e8295332420c"},
]

[package.extras]
dev = ["build", "flake8"]
doc = ["sphinx"]
test = ["pytest", "pytest-cov"]

[[package]]
name = "typing-extensions"
version = "4.9.0"
description = "Backported and Experimental Type Hints for Python 3.8+"
optional = false
python-versions = ">=3.8"
files = [
    {file = "typing_extensions-4.9.0-py3-none-any.whl", hash = "sha256:af72aea155e91adfc61c3ae9e0e342dbc0cba726d6cba4b6c72c1f34e47291cd"},
    {file = "typing_extensions-4.9.0.tar.gz", hash = "sha256:23478f88c37f27d76ac8aee6c905017a143b0b1b886c3c9f66bc2fd94f9f5783"},
]

[[package]]
name = "tzdata"
version = "2024.1"
description = "Provider of IANA time zone data"
optional = false
python-versions = ">=2"
files = [
    {file = "tzdata-2024.1-py2.py3-none-any.whl", hash = "sha256:9068bc196136463f5245e51efda838afa15aaeca9903f49050dfa2679db4d252"},
    {file = "tzdata-2024.1.tar.gz", hash = "sha256:2674120f8d891909751c38abcdfd386ac0a5a1127954fbc332af6b5ceae07efd"},
]

[metadata]
lock-version = "2.0"
python-versions = "^3.11"
content-hash = "869b79b277e1ec0671b270d2ddf98e16c49b0c455bf5ad41e847d851a09c0f4b"
